
Microsoft Visual Studio Solution File, Format Version 12.00
# Visual Studio 2012
Project("{FAE04EC0-301F-11D3-BF4B-00C04F79EFBC}") = "DemoStudy", "DemoStudy\DemoStudy.csproj", "{BDA42C87-E4BF-4D2A-9B56-6369459A106D}"
EndProject
Global
	GlobalSection(SolutionConfigurationPlatforms) = preSolution
		Debug|Any CPU = Debug|Any CPU
		Release|Any CPU = Release|Any CPU
	EndGlobalSection
	GlobalSection(ProjectConfigurationPlatforms) = postSolution
		{BDA42C87-E4BF-4D2A-9B56-6369459A106D}.Debug|Any CPU.ActiveCfg = Debug|Any CPU
		{BDA42C87-E4BF-4D2A-9B56-6369459A106D}.Debug|Any CPU.Build.0 = Debug|Any CPU
		{BDA42C87-E4BF-4D2A-9B56-6369459A106D}.Release|Any CPU.ActiveCfg = Release|Any CPU
		{BDA42C87-E4BF-4D2A-9B56-6369459A106D}.Release|Any CPU.Build.0 = Release|Any CPU
	EndGlobalSection
	GlobalSection(SolutionProperties) = preSolution
		HideSolutionNode = FALSE
	EndGlobalSection
EndGlobal
